
Microsoft Visual Studio Solution File, Format Version 12.00
# Visual Studio Version 17
VisualStudioVersion = 17.5.2.0
MinimumVisualStudioVersion = 10.0.40219.1
Project("{FAE04EC0-301F-11D3-BF4B-00C04F79EFBC}") = "MinimalApi", "API/MinimalApi.csproj", "{9050E871-A7BE-9ABF-1EC5-C9F5FAA2FCB3}"
EndProject
Project("{FAE04EC0-301F-11D3-BF4B-00C04F79EFBC}") = "Test", "Test\Test.csproj", "{E034A152-3686-468A-A8FE-1FC42CF67EFA}"
EndProject
Global
	GlobalSection(SolutionConfigurationPlatforms) = preSolution
		Debug|Any CPU = Debug|Any CPU
		Debug|x64 = Debug|x64
		Debug|x86 = Debug|x86
		Release|Any CPU = Release|Any CPU
		Release|x64 = Release|x64
		Release|x86 = Release|x86
	EndGlobalSection
	GlobalSection(ProjectConfigurationPlatforms) = postSolution
		{9050E871-A7BE-9ABF-1EC5-C9F5FAA2FCB3}.Debug|Any CPU.ActiveCfg = Debug|Any CPU
		{9050E871-A7BE-9ABF-1EC5-C9F5FAA2FCB3}.Debug|Any CPU.Build.0 = Debug|Any CPU
		{9050E871-A7BE-9ABF-1EC5-C9F5FAA2FCB3}.Debug|x64.ActiveCfg = Debug|Any CPU
		{9050E871-A7BE-9ABF-1EC5-C9F5FAA2FCB3}.Debug|x64.Build.0 = Debug|Any CPU
		{9050E871-A7BE-9ABF-1EC5-C9F5FAA2FCB3}.Debug|x86.ActiveCfg = Debug|Any CPU
		{9050E871-A7BE-9ABF-1EC5-C9F5FAA2FCB3}.Debug|x86.Build.0 = Debug|Any CPU
		{9050E871-A7BE-9ABF-1EC5-C9F5FAA2FCB3}.Release|Any CPU.ActiveCfg = Release|Any CPU
		{9050E871-A7BE-9ABF-1EC5-C9F5FAA2FCB3}.Release|Any CPU.Build.0 = Release|Any CPU
		{9050E871-A7BE-9ABF-1EC5-C9F5FAA2FCB3}.Release|x64.ActiveCfg = Release|Any CPU
		{9050E871-A7BE-9ABF-1EC5-C9F5FAA2FCB3}.Release|x64.Build.0 = Release|Any CPU
		{9050E871-A7BE-9ABF-1EC5-C9F5FAA2FCB3}.Release|x86.ActiveCfg = Release|Any CPU
		{9050E871-A7BE-9ABF-1EC5-C9F5FAA2FCB3}.Release|x86.Build.0 = Release|Any CPU
		{E034A152-3686-468A-A8FE-1FC42CF67EFA}.Debug|Any CPU.ActiveCfg = Debug|Any CPU
		{E034A152-3686-468A-A8FE-1FC42CF67EFA}.Debug|Any CPU.Build.0 = Debug|Any CPU
		{E034A152-3686-468A-A8FE-1FC42CF67EFA}.Debug|x64.ActiveCfg = Debug|Any CPU
		{E034A152-3686-468A-A8FE-1FC42CF67EFA}.Debug|x64.Build.0 = Debug|Any CPU
		{E034A152-3686-468A-A8FE-1FC42CF67EFA}.Debug|x86.ActiveCfg = Debug|Any CPU
		{E034A152-3686-468A-A8FE-1FC42CF67EFA}.Debug|x86.Build.0 = Debug|Any CPU
		{E034A152-3686-468A-A8FE-1FC42CF67EFA}.Release|Any CPU.ActiveCfg = Release|Any CPU
		{E034A152-3686-468A-A8FE-1FC42CF67EFA}.Release|Any CPU.Build.0 = Release|Any CPU
		{E034A152-3686-468A-A8FE-1FC42CF67EFA}.Release|x64.ActiveCfg = Release|Any CPU
		{E034A152-3686-468A-A8FE-1FC42CF67EFA}.Release|x64.Build.0 = Release|Any CPU
		{E034A152-3686-468A-A8FE-1FC42CF67EFA}.Release|x86.ActiveCfg = Release|Any CPU
		{E034A152-3686-468A-A8FE-1FC42CF67EFA}.Release|x86.Build.0 = Release|Any CPU
	EndGlobalSection
	GlobalSection(SolutionProperties) = preSolution
		HideSolutionNode = FALSE
	EndGlobalSection
	GlobalSection(ExtensibilityGlobals) = postSolution
		SolutionGuid = {B85E4DBC-6168-40C8-BA79-BB5EE8625ADC}
	EndGlobalSection
EndGlobal
